
Microsoft Visual Studio Solution File, Format Version 12.00
# Visual Studio 2012
Project("{2150E333-8FDC-42A3-9474-1A3956D46DE8}") = "Cliente", "Cliente", "{EB146892-5C64-4530-9CCE-DAE10FD99A5D}"
EndProject
Project("{2150E333-8FDC-42A3-9474-1A3956D46DE8}") = "Servidor", "Servidor", "{56BCA25F-0412-457B-A253-87725DB36EA0}"
EndProject
Project("{2150E333-8FDC-42A3-9474-1A3956D46DE8}") = "1.2-ServiciosDistribuidos", "1.2-ServiciosDistribuidos", "{F51809C2-33D2-460B-BBA0-E7CA91F12722}"
EndProject
Project("{2150E333-8FDC-42A3-9474-1A3956D46DE8}") = "1.3-Aplicacion", "1.3-Aplicacion", "{35E22715-063C-4A65-95FA-99241E478B3B}"
EndProject
Project("{2150E333-8FDC-42A3-9474-1A3956D46DE8}") = "1.4-Dominio", "1.4-Dominio", "{3CC93DFA-A5F5-4030-81BA-EE1722AE1F5F}"
EndProject
Project("{2150E333-8FDC-42A3-9474-1A3956D46DE8}") = "1.5-Infraestructura", "1.5-Infraestructura", "{9EA8DEC9-5244-4CB3-9EF7-2B7A74D1ADF7}"
EndProject
Project("{2150E333-8FDC-42A3-9474-1A3956D46DE8}") = "1.4.1-Core", "1.4.1-Core", "{E421BCD1-B4F7-404B-B694-2BFBD8C6B424}"
EndProject
Project("{2150E333-8FDC-42A3-9474-1A3956D46DE8}") = "1.4.2-BoundedContext", "1.4.2-BoundedContext", "{F3B290ED-863A-4DEA-9AC5-58FF25DB95E6}"
EndProject
Project("{FAE04EC0-301F-11D3-BF4B-00C04F79EFBC}") = "Dominio.BoundedContext", "Dominio.BoundedContext\Dominio.BoundedContext.csproj", "{E9169513-163A-4E3E-955F-4527CD93740D}"
EndProject
Project("{2150E333-8FDC-42A3-9474-1A3956D46DE8}") = "1.5.1-Core", "1.5.1-Core", "{37508C45-AAEF-485D-93D0-5E7150FF07BE}"
EndProject
Project("{FAE04EC0-301F-11D3-BF4B-00C04F79EFBC}") = "Infraestrucura.Core", "Infraestrucura.Core\Infraestrucura.Core.csproj", "{03A6E387-C247-4EFE-B291-BB6F287803F7}"
EndProject
Project("{2150E333-8FDC-42A3-9474-1A3956D46DE8}") = "1.5.2-BoundedContext", "1.5.2-BoundedContext", "{A111209E-12FA-418C-AD79-119FA820EA8A}"
EndProject
Project("{FAE04EC0-301F-11D3-BF4B-00C04F79EFBC}") = "Infraestructura.BoundedContext", "Infraestructura.BoundedContext\Infraestructura.BoundedContext.csproj", "{01D0FAB5-1DAC-447A-8A15-20B4837E5F85}"
EndProject
Project("{FAE04EC0-301F-11D3-BF4B-00C04F79EFBC}") = "ConsoleApplication", "ConsoleApplication\ConsoleApplication.csproj", "{5EB0D3BD-B5BA-440F-BC44-946C77B3F42B}"
EndProject
Project("{2150E333-8FDC-42A3-9474-1A3956D46DE8}") = "1.3.1-Core", "1.3.1-Core", "{0FE3BF33-1578-41EC-8B04-FB24D390F70C}"
EndProject
Project("{2150E333-8FDC-42A3-9474-1A3956D46DE8}") = "1.3.2-BoundedContext", "1.3.2-BoundedContext", "{4C33B5C8-249E-41B4-8C7F-F2A4B5E99135}"
EndProject
Project("{2150E333-8FDC-42A3-9474-1A3956D46DE8}") = "1.2.1-Core", "1.2.1-Core", "{A3F85774-C243-4CAE-B19C-B56B7424275E}"
EndProject
Project("{2150E333-8FDC-42A3-9474-1A3956D46DE8}") = "1.2.2-BoundedContext", "1.2.2-BoundedContext", "{42440F65-3131-406B-92AC-19598E991144}"
EndProject
Project("{FAE04EC0-301F-11D3-BF4B-00C04F79EFBC}") = "Application", "Application\Application.csproj", "{3976DAF8-901D-4A12-850D-B908D9A1A8C9}"
EndProject
Project("{FAE04EC0-301F-11D3-BF4B-00C04F79EFBC}") = "WCF.BoundedContext", "WCF.BoundedContext\WCF.BoundedContext.csproj", "{9B5566B2-EA5E-4E15-98F0-C8F17326BC20}"
EndProject
Project("{2150E333-8FDC-42A3-9474-1A3956D46DE8}") = "Silverlight", "Silverlight", "{4D6DA9E2-C9A0-4B3C-8410-12064962F094}"
EndProject
Project("{FAE04EC0-301F-11D3-BF4B-00C04F79EFBC}") = "Silverlight.BoundedContext", "Silverlight.BoundedContext\Silverlight.BoundedContext.csproj", "{1D1113C0-D269-425F-B9EC-9015BA173BD8}"
	ProjectSection(ProjectDependencies) = postProject
		{9B5566B2-EA5E-4E15-98F0-C8F17326BC20} = {9B5566B2-EA5E-4E15-98F0-C8F17326BC20}
	EndProjectSection
EndProject
Global
	GlobalSection(SolutionConfigurationPlatforms) = preSolution
		Debug|Any CPU = Debug|Any CPU
		Release|Any CPU = Release|Any CPU
	EndGlobalSection
	GlobalSection(ProjectConfigurationPlatforms) = postSolution
		{E9169513-163A-4E3E-955F-4527CD93740D}.Debug|Any CPU.ActiveCfg = Debug|Any CPU
		{E9169513-163A-4E3E-955F-4527CD93740D}.Debug|Any CPU.Build.0 = Debug|Any CPU
		{E9169513-163A-4E3E-955F-4527CD93740D}.Release|Any CPU.ActiveCfg = Release|Any CPU
		{E9169513-163A-4E3E-955F-4527CD93740D}.Release|Any CPU.Build.0 = Release|Any CPU
		{03A6E387-C247-4EFE-B291-BB6F287803F7}.Debug|Any CPU.ActiveCfg = Debug|Any CPU
		{03A6E387-C247-4EFE-B291-BB6F287803F7}.Debug|Any CPU.Build.0 = Debug|Any CPU
		{03A6E387-C247-4EFE-B291-BB6F287803F7}.Release|Any CPU.ActiveCfg = Release|Any CPU
		{03A6E387-C247-4EFE-B291-BB6F287803F7}.Release|Any CPU.Build.0 = Release|Any CPU
		{01D0FAB5-1DAC-447A-8A15-20B4837E5F85}.Debug|Any CPU.ActiveCfg = Debug|Any CPU
		{01D0FAB5-1DAC-447A-8A15-20B4837E5F85}.Debug|Any CPU.Build.0 = Debug|Any CPU
		{01D0FAB5-1DAC-447A-8A15-20B4837E5F85}.Release|Any CPU.ActiveCfg = Release|Any CPU
		{01D0FAB5-1DAC-447A-8A15-20B4837E5F85}.Release|Any CPU.Build.0 = Release|Any CPU
		{5EB0D3BD-B5BA-440F-BC44-946C77B3F42B}.Debug|Any CPU.ActiveCfg = Debug|Any CPU
		{5EB0D3BD-B5BA-440F-BC44-946C77B3F42B}.Debug|Any CPU.Build.0 = Debug|Any CPU
		{5EB0D3BD-B5BA-440F-BC44-946C77B3F42B}.Release|Any CPU.ActiveCfg = Release|Any CPU
		{5EB0D3BD-B5BA-440F-BC44-946C77B3F42B}.Release|Any CPU.Build.0 = Release|Any CPU
		{3976DAF8-901D-4A12-850D-B908D9A1A8C9}.Debug|Any CPU.ActiveCfg = Debug|Any CPU
		{3976DAF8-901D-4A12-850D-B908D9A1A8C9}.Debug|Any CPU.Build.0 = Debug|Any CPU
		{3976DAF8-901D-4A12-850D-B908D9A1A8C9}.Release|Any CPU.ActiveCfg = Release|Any CPU
		{3976DAF8-901D-4A12-850D-B908D9A1A8C9}.Release|Any CPU.Build.0 = Release|Any CPU
		{9B5566B2-EA5E-4E15-98F0-C8F17326BC20}.Debug|Any CPU.ActiveCfg = Debug|Any CPU
		{9B5566B2-EA5E-4E15-98F0-C8F17326BC20}.Debug|Any CPU.Build.0 = Debug|Any CPU
		{9B5566B2-EA5E-4E15-98F0-C8F17326BC20}.Release|Any CPU.ActiveCfg = Release|Any CPU
		{9B5566B2-EA5E-4E15-98F0-C8F17326BC20}.Release|Any CPU.Build.0 = Release|Any CPU
		{1D1113C0-D269-425F-B9EC-9015BA173BD8}.Debug|Any CPU.ActiveCfg = Debug|Any CPU
		{1D1113C0-D269-425F-B9EC-9015BA173BD8}.Debug|Any CPU.Build.0 = Debug|Any CPU
		{1D1113C0-D269-425F-B9EC-9015BA173BD8}.Release|Any CPU.ActiveCfg = Release|Any CPU
		{1D1113C0-D269-425F-B9EC-9015BA173BD8}.Release|Any CPU.Build.0 = Release|Any CPU
	EndGlobalSection
	GlobalSection(SolutionProperties) = preSolution
		HideSolutionNode = FALSE
	EndGlobalSection
	GlobalSection(NestedProjects) = preSolution
		{5EB0D3BD-B5BA-440F-BC44-946C77B3F42B} = {EB146892-5C64-4530-9CCE-DAE10FD99A5D}
		{4D6DA9E2-C9A0-4B3C-8410-12064962F094} = {EB146892-5C64-4530-9CCE-DAE10FD99A5D}
		{F51809C2-33D2-460B-BBA0-E7CA91F12722} = {56BCA25F-0412-457B-A253-87725DB36EA0}
		{35E22715-063C-4A65-95FA-99241E478B3B} = {56BCA25F-0412-457B-A253-87725DB36EA0}
		{3CC93DFA-A5F5-4030-81BA-EE1722AE1F5F} = {56BCA25F-0412-457B-A253-87725DB36EA0}
		{9EA8DEC9-5244-4CB3-9EF7-2B7A74D1ADF7} = {56BCA25F-0412-457B-A253-87725DB36EA0}
		{A3F85774-C243-4CAE-B19C-B56B7424275E} = {F51809C2-33D2-460B-BBA0-E7CA91F12722}
		{42440F65-3131-406B-92AC-19598E991144} = {F51809C2-33D2-460B-BBA0-E7CA91F12722}
		{0FE3BF33-1578-41EC-8B04-FB24D390F70C} = {35E22715-063C-4A65-95FA-99241E478B3B}
		{4C33B5C8-249E-41B4-8C7F-F2A4B5E99135} = {35E22715-063C-4A65-95FA-99241E478B3B}
		{E421BCD1-B4F7-404B-B694-2BFBD8C6B424} = {3CC93DFA-A5F5-4030-81BA-EE1722AE1F5F}
		{F3B290ED-863A-4DEA-9AC5-58FF25DB95E6} = {3CC93DFA-A5F5-4030-81BA-EE1722AE1F5F}
		{37508C45-AAEF-485D-93D0-5E7150FF07BE} = {9EA8DEC9-5244-4CB3-9EF7-2B7A74D1ADF7}
		{A111209E-12FA-418C-AD79-119FA820EA8A} = {9EA8DEC9-5244-4CB3-9EF7-2B7A74D1ADF7}
		{E9169513-163A-4E3E-955F-4527CD93740D} = {F3B290ED-863A-4DEA-9AC5-58FF25DB95E6}
		{03A6E387-C247-4EFE-B291-BB6F287803F7} = {37508C45-AAEF-485D-93D0-5E7150FF07BE}
		{01D0FAB5-1DAC-447A-8A15-20B4837E5F85} = {A111209E-12FA-418C-AD79-119FA820EA8A}
		{3976DAF8-901D-4A12-850D-B908D9A1A8C9} = {4C33B5C8-249E-41B4-8C7F-F2A4B5E99135}
		{9B5566B2-EA5E-4E15-98F0-C8F17326BC20} = {42440F65-3131-406B-92AC-19598E991144}
		{1D1113C0-D269-425F-B9EC-9015BA173BD8} = {4D6DA9E2-C9A0-4B3C-8410-12064962F094}
	EndGlobalSection
EndGlobal
